
Microsoft Visual Studio Solution File, Format Version 12.00
# Visual Studio Version 17
VisualStudioVersion = 17.11.35312.102
MinimumVisualStudioVersion = 10.0.40219.1
Project("{8BC9CEB8-8B4A-11D0-8D11-00A0C91BC942}") = "cg_coursework", "cg_coursework\cg_coursework.vcxproj", "{30EBBC1F-6465-4D08-AAC1-0213D912D008}"
EndProject
Global
	GlobalSection(SolutionConfigurationPlatforms) = preSolution
		Debug|x64 = Debug|x64
		Debug|x86 = Debug|x86
		Release|x64 = Release|x64
		Release|x86 = Release|x86
	EndGlobalSection
	GlobalSection(ProjectConfigurationPlatforms) = postSolution
		{30EBBC1F-6465-4D08-AAC1-0213D912D008}.Debug|x64.ActiveCfg = Debug|x64
		{30EBBC1F-6465-4D08-AAC1-0213D912D008}.Debug|x64.Build.0 = Debug|x64
		{30EBBC1F-6465-4D08-AAC1-0213D912D008}.Debug|x86.ActiveCfg = Debug|Win32
		{30EBBC1F-6465-4D08-AAC1-0213D912D008}.Debug|x86.Build.0 = Debug|Win32
		{30EBBC1F-6465-4D08-AAC1-0213D912D008}.Release|x64.ActiveCfg = Release|x64
		{30EBBC1F-6465-4D08-AAC1-0213D912D008}.Release|x64.Build.0 = Release|x64
		{30EBBC1F-6465-4D08-AAC1-0213D912D008}.Release|x86.ActiveCfg = Release|Win32
		{30EBBC1F-6465-4D08-AAC1-0213D912D008}.Release|x86.Build.0 = Release|Win32
	EndGlobalSection
	GlobalSection(SolutionProperties) = preSolution
		HideSolutionNode = FALSE
	EndGlobalSection
	GlobalSection(ExtensibilityGlobals) = postSolution
		SolutionGuid = {20CFD782-9D39-4B98-9E5C-D1F97B72D87D}
	EndGlobalSection
EndGlobal
